
Microsoft Visual Studio Solution File, Format Version 12.00
# Visual Studio Version 17
VisualStudioVersion = 17.8.34330.188
MinimumVisualStudioVersion = 10.0.40219.1
Project("{FAE04EC0-301F-11D3-BF4B-00C04F79EFBC}") = "CatalogoAPI", "CatalogoAPI.csproj", "{D5F66138-3E53-4387-AE15-CB38A6BBCD60}"
EndProject
Global
	GlobalSection(SolutionConfigurationPlatforms) = preSolution
		Debug|Any CPU = Debug|Any CPU
		Release|Any CPU = Release|Any CPU
	EndGlobalSection
	GlobalSection(ProjectConfigurationPlatforms) = postSolution
		{D5F66138-3E53-4387-AE15-CB38A6BBCD60}.Debug|Any CPU.ActiveCfg = Debug|Any CPU
		{D5F66138-3E53-4387-AE15-CB38A6BBCD60}.Debug|Any CPU.Build.0 = Debug|Any CPU
		{D5F66138-3E53-4387-AE15-CB38A6BBCD60}.Release|Any CPU.ActiveCfg = Release|Any CPU
		{D5F66138-3E53-4387-AE15-CB38A6BBCD60}.Release|Any CPU.Build.0 = Release|Any CPU
	EndGlobalSection
	GlobalSection(SolutionProperties) = preSolution
		HideSolutionNode = FALSE
	EndGlobalSection
	GlobalSection(ExtensibilityGlobals) = postSolution
		SolutionGuid = {A2B7EA31-8321-4667-AF46-D8490328B2CE}
	EndGlobalSection
EndGlobal
